
Microsoft Visual Studio Solution File, Format Version 12.00
# Visual Studio 15
VisualStudioVersion = 15.0.26228.4
MinimumVisualStudioVersion = 10.0.40219.1
Project("{8BC9CEB8-8B4A-11D0-8D11-00A0C91BC942}") = "Chapter1", "Chapter1\Chapter1.vcxproj", "{C2CB2F88-9CE7-4A40-B25D-C34D8846A587}"
EndProject
Project("{8BC9CEB8-8B4A-11D0-8D11-00A0C91BC942}") = "1_29_Hailstone", "1_29_Hailstone\1_29_Hailstone.vcxproj", "{B8FF01A8-ED84-482A-ACA5-A44D4331DB6F}"
EndProject
Global
	GlobalSection(SolutionConfigurationPlatforms) = preSolution
		Debug|x64 = Debug|x64
		Debug|x86 = Debug|x86
		Release|x64 = Release|x64
		Release|x86 = Release|x86
	EndGlobalSection
	GlobalSection(ProjectConfigurationPlatforms) = postSolution
		{C2CB2F88-9CE7-4A40-B25D-C34D8846A587}.Debug|x64.ActiveCfg = Debug|x64
		{C2CB2F88-9CE7-4A40-B25D-C34D8846A587}.Debug|x64.Build.0 = Debug|x64
		{C2CB2F88-9CE7-4A40-B25D-C34D8846A587}.Debug|x86.ActiveCfg = Debug|Win32
		{C2CB2F88-9CE7-4A40-B25D-C34D8846A587}.Debug|x86.Build.0 = Debug|Win32
		{C2CB2F88-9CE7-4A40-B25D-C34D8846A587}.Release|x64.ActiveCfg = Release|x64
		{C2CB2F88-9CE7-4A40-B25D-C34D8846A587}.Release|x64.Build.0 = Release|x64
		{C2CB2F88-9CE7-4A40-B25D-C34D8846A587}.Release|x86.ActiveCfg = Release|Win32
		{C2CB2F88-9CE7-4A40-B25D-C34D8846A587}.Release|x86.Build.0 = Release|Win32
		{B8FF01A8-ED84-482A-ACA5-A44D4331DB6F}.Debug|x64.ActiveCfg = Debug|x64
		{B8FF01A8-ED84-482A-ACA5-A44D4331DB6F}.Debug|x64.Build.0 = Debug|x64
		{B8FF01A8-ED84-482A-ACA5-A44D4331DB6F}.Debug|x86.ActiveCfg = Debug|Win32
		{B8FF01A8-ED84-482A-ACA5-A44D4331DB6F}.Debug|x86.Build.0 = Debug|Win32
		{B8FF01A8-ED84-482A-ACA5-A44D4331DB6F}.Release|x64.ActiveCfg = Release|x64
		{B8FF01A8-ED84-482A-ACA5-A44D4331DB6F}.Release|x64.Build.0 = Release|x64
		{B8FF01A8-ED84-482A-ACA5-A44D4331DB6F}.Release|x86.ActiveCfg = Release|Win32
		{B8FF01A8-ED84-482A-ACA5-A44D4331DB6F}.Release|x86.Build.0 = Release|Win32
	EndGlobalSection
	GlobalSection(SolutionProperties) = preSolution
		HideSolutionNode = FALSE
	EndGlobalSection
EndGlobal
